
Microsoft Visual Studio Solution File, Format Version 12.00
# Visual Studio 15
VisualStudioVersion = 15.0.27130.2027
MinimumVisualStudioVersion = 10.0.40219.1
Project("{9A19103F-16F7-4668-BE54-9A1E7A4F7556}") = "Rabbit.Go.Abstractions", "src\Rabbit.Go.Abstractions\Rabbit.Go.Abstractions.csproj", "{C759B0F9-BFBD-4109-8BCF-1A6AC1355372}"
EndProject
Project("{9A19103F-16F7-4668-BE54-9A1E7A4F7556}") = "Rabbit.Go.Core", "src\Rabbit.Go.Core\Rabbit.Go.Core.csproj", "{2E979959-95BE-46E9-BE44-929285A61BFE}"
EndProject
Project("{2150E333-8FDC-42A3-9474-1A3956D46DE8}") = "Solution Items", "Solution Items", "{3472D49C-11DB-4201-8A91-315C97D0A5DC}"
	ProjectSection(SolutionItems) = preProject
		build\common.props = build\common.props
		build\nuget.exe = build\nuget.exe
		build\package.ps1 = build\package.ps1
		build\package_build.ps1 = build\package_build.ps1
		build\push_packages.ps1 = build\push_packages.ps1
		build\settings.ps1 = build\settings.ps1
		build\version.props = build\version.props
	EndProjectSection
EndProject
Project("{2150E333-8FDC-42A3-9474-1A3956D46DE8}") = "src", "src", "{6DB4C1B5-2072-4C1D-AB81-4A441A898458}"
EndProject
Project("{2150E333-8FDC-42A3-9474-1A3956D46DE8}") = "recipes", "recipes", "{FB6FF47A-7D3C-4F60-B58A-EA01F5D9BAF1}"
EndProject
Project("{9A19103F-16F7-4668-BE54-9A1E7A4F7556}") = "Rabbit.Go.DingTalk", "recipes\DingTalk\Rabbit.Go.DingTalk.csproj", "{9B853747-0E23-4454-9CB6-62081052B6ED}"
EndProject
Project("{2150E333-8FDC-42A3-9474-1A3956D46DE8}") = "test", "test", "{4E44FC07-86EA-42DC-BA31-9270E31F46E7}"
EndProject
Project("{9A19103F-16F7-4668-BE54-9A1E7A4F7556}") = "Rabbit.Go.DingTalk.Test", "recipes\test\Rabbit.Go.DingTalk.Test\Rabbit.Go.DingTalk.Test.csproj", "{0345B372-F426-4E5C-88BB-DF15C14D031A}"
EndProject
Project("{9A19103F-16F7-4668-BE54-9A1E7A4F7556}") = "Rabbit.Go.GitHub", "recipes\GitHub\Rabbit.Go.GitHub.csproj", "{FE60DA5A-8373-47A7-953D-134FBBC398D1}"
EndProject
Project("{FAE04EC0-301F-11D3-BF4B-00C04F79EFBC}") = "Rabbit.Go.GitHub.Test", "recipes\test\Rabbit.Go.GitHub.Test\Rabbit.Go.GitHub.Test.csproj", "{A148C6DA-8C2C-4AF6-8200-66B084307AC1}"
EndProject
Project("{2150E333-8FDC-42A3-9474-1A3956D46DE8}") = "samples", "samples", "{3D53FB17-D24A-4BF1-BD6A-881436F5E2EC}"
EndProject
Project("{2150E333-8FDC-42A3-9474-1A3956D46DE8}") = "server", "server", "{5CF6F51E-CB72-4DC8-A6FE-F83A7A62B402}"
EndProject
Project("{FAE04EC0-301F-11D3-BF4B-00C04F79EFBC}") = "Sample.Client", "samples\Sample.Client\Sample.Client.csproj", "{6B58C7C6-DEDE-4BDA-B5EC-E3BFEE0388A4}"
EndProject
Project("{FAE04EC0-301F-11D3-BF4B-00C04F79EFBC}") = "Sample.AspNetCore.Server", "samples\Sample.AspNetCore.Server\Sample.AspNetCore.Server.csproj", "{10154B04-2F5D-4F12-9EDA-BB913E5D183C}"
EndProject
Project("{9A19103F-16F7-4668-BE54-9A1E7A4F7556}") = "ConsoleApp", "ConsoleApp\ConsoleApp.csproj", "{0A00C0A1-068C-4B20-BCA0-1352CC8E76EA}"
EndProject
Project("{9A19103F-16F7-4668-BE54-9A1E7A4F7556}") = "Rabbit.Go.Http", "src\Rabbit.Go.Http\Rabbit.Go.Http.csproj", "{C494B27D-26C4-4F6F-98F8-7E6547E2747F}"
EndProject
Project("{FAE04EC0-301F-11D3-BF4B-00C04F79EFBC}") = "Rabbit.Go", "src\Rabbit.Go\Rabbit.Go.csproj", "{AF0D4CDD-0EAA-4F0C-8B25-D60B71F5E96D}"
EndProject
Global
	GlobalSection(SolutionConfigurationPlatforms) = preSolution
		Debug|Any CPU = Debug|Any CPU
		Release|Any CPU = Release|Any CPU
	EndGlobalSection
	GlobalSection(ProjectConfigurationPlatforms) = postSolution
		{C759B0F9-BFBD-4109-8BCF-1A6AC1355372}.Debug|Any CPU.ActiveCfg = Debug|Any CPU
		{C759B0F9-BFBD-4109-8BCF-1A6AC1355372}.Debug|Any CPU.Build.0 = Debug|Any CPU
		{C759B0F9-BFBD-4109-8BCF-1A6AC1355372}.Release|Any CPU.ActiveCfg = Release|Any CPU
		{C759B0F9-BFBD-4109-8BCF-1A6AC1355372}.Release|Any CPU.Build.0 = Release|Any CPU
		{2E979959-95BE-46E9-BE44-929285A61BFE}.Debug|Any CPU.ActiveCfg = Debug|Any CPU
		{2E979959-95BE-46E9-BE44-929285A61BFE}.Debug|Any CPU.Build.0 = Debug|Any CPU
		{2E979959-95BE-46E9-BE44-929285A61BFE}.Release|Any CPU.ActiveCfg = Release|Any CPU
		{2E979959-95BE-46E9-BE44-929285A61BFE}.Release|Any CPU.Build.0 = Release|Any CPU
		{9B853747-0E23-4454-9CB6-62081052B6ED}.Debug|Any CPU.ActiveCfg = Debug|Any CPU
		{9B853747-0E23-4454-9CB6-62081052B6ED}.Debug|Any CPU.Build.0 = Debug|Any CPU
		{9B853747-0E23-4454-9CB6-62081052B6ED}.Release|Any CPU.ActiveCfg = Release|Any CPU
		{9B853747-0E23-4454-9CB6-62081052B6ED}.Release|Any CPU.Build.0 = Release|Any CPU
		{0345B372-F426-4E5C-88BB-DF15C14D031A}.Debug|Any CPU.ActiveCfg = Debug|Any CPU
		{0345B372-F426-4E5C-88BB-DF15C14D031A}.Debug|Any CPU.Build.0 = Debug|Any CPU
		{0345B372-F426-4E5C-88BB-DF15C14D031A}.Release|Any CPU.ActiveCfg = Release|Any CPU
		{0345B372-F426-4E5C-88BB-DF15C14D031A}.Release|Any CPU.Build.0 = Release|Any CPU
		{FE60DA5A-8373-47A7-953D-134FBBC398D1}.Debug|Any CPU.ActiveCfg = Debug|Any CPU
		{FE60DA5A-8373-47A7-953D-134FBBC398D1}.Debug|Any CPU.Build.0 = Debug|Any CPU
		{FE60DA5A-8373-47A7-953D-134FBBC398D1}.Release|Any CPU.ActiveCfg = Release|Any CPU
		{FE60DA5A-8373-47A7-953D-134FBBC398D1}.Release|Any CPU.Build.0 = Release|Any CPU
		{A148C6DA-8C2C-4AF6-8200-66B084307AC1}.Debug|Any CPU.ActiveCfg = Debug|Any CPU
		{A148C6DA-8C2C-4AF6-8200-66B084307AC1}.Debug|Any CPU.Build.0 = Debug|Any CPU
		{A148C6DA-8C2C-4AF6-8200-66B084307AC1}.Release|Any CPU.ActiveCfg = Release|Any CPU
		{A148C6DA-8C2C-4AF6-8200-66B084307AC1}.Release|Any CPU.Build.0 = Release|Any CPU
		{6B58C7C6-DEDE-4BDA-B5EC-E3BFEE0388A4}.Debug|Any CPU.ActiveCfg = Debug|Any CPU
		{6B58C7C6-DEDE-4BDA-B5EC-E3BFEE0388A4}.Debug|Any CPU.Build.0 = Debug|Any CPU
		{6B58C7C6-DEDE-4BDA-B5EC-E3BFEE0388A4}.Release|Any CPU.ActiveCfg = Release|Any CPU
		{6B58C7C6-DEDE-4BDA-B5EC-E3BFEE0388A4}.Release|Any CPU.Build.0 = Release|Any CPU
		{10154B04-2F5D-4F12-9EDA-BB913E5D183C}.Debug|Any CPU.ActiveCfg = Debug|Any CPU
		{10154B04-2F5D-4F12-9EDA-BB913E5D183C}.Debug|Any CPU.Build.0 = Debug|Any CPU
		{10154B04-2F5D-4F12-9EDA-BB913E5D183C}.Release|Any CPU.ActiveCfg = Release|Any CPU
		{10154B04-2F5D-4F12-9EDA-BB913E5D183C}.Release|Any CPU.Build.0 = Release|Any CPU
		{0A00C0A1-068C-4B20-BCA0-1352CC8E76EA}.Debug|Any CPU.ActiveCfg = Debug|Any CPU
		{0A00C0A1-068C-4B20-BCA0-1352CC8E76EA}.Debug|Any CPU.Build.0 = Debug|Any CPU
		{0A00C0A1-068C-4B20-BCA0-1352CC8E76EA}.Release|Any CPU.ActiveCfg = Release|Any CPU
		{0A00C0A1-068C-4B20-BCA0-1352CC8E76EA}.Release|Any CPU.Build.0 = Release|Any CPU
		{C494B27D-26C4-4F6F-98F8-7E6547E2747F}.Debug|Any CPU.ActiveCfg = Debug|Any CPU
		{C494B27D-26C4-4F6F-98F8-7E6547E2747F}.Debug|Any CPU.Build.0 = Debug|Any CPU
		{C494B27D-26C4-4F6F-98F8-7E6547E2747F}.Release|Any CPU.ActiveCfg = Release|Any CPU
		{C494B27D-26C4-4F6F-98F8-7E6547E2747F}.Release|Any CPU.Build.0 = Release|Any CPU
		{AF0D4CDD-0EAA-4F0C-8B25-D60B71F5E96D}.Debug|Any CPU.ActiveCfg = Debug|Any CPU
		{AF0D4CDD-0EAA-4F0C-8B25-D60B71F5E96D}.Debug|Any CPU.Build.0 = Debug|Any CPU
		{AF0D4CDD-0EAA-4F0C-8B25-D60B71F5E96D}.Release|Any CPU.ActiveCfg = Release|Any CPU
		{AF0D4CDD-0EAA-4F0C-8B25-D60B71F5E96D}.Release|Any CPU.Build.0 = Release|Any CPU
	EndGlobalSection
	GlobalSection(SolutionProperties) = preSolution
		HideSolutionNode = FALSE
	EndGlobalSection
	GlobalSection(NestedProjects) = preSolution
		{C759B0F9-BFBD-4109-8BCF-1A6AC1355372} = {6DB4C1B5-2072-4C1D-AB81-4A441A898458}
		{2E979959-95BE-46E9-BE44-929285A61BFE} = {6DB4C1B5-2072-4C1D-AB81-4A441A898458}
		{9B853747-0E23-4454-9CB6-62081052B6ED} = {FB6FF47A-7D3C-4F60-B58A-EA01F5D9BAF1}
		{4E44FC07-86EA-42DC-BA31-9270E31F46E7} = {FB6FF47A-7D3C-4F60-B58A-EA01F5D9BAF1}
		{0345B372-F426-4E5C-88BB-DF15C14D031A} = {4E44FC07-86EA-42DC-BA31-9270E31F46E7}
		{FE60DA5A-8373-47A7-953D-134FBBC398D1} = {FB6FF47A-7D3C-4F60-B58A-EA01F5D9BAF1}
		{A148C6DA-8C2C-4AF6-8200-66B084307AC1} = {4E44FC07-86EA-42DC-BA31-9270E31F46E7}
		{5CF6F51E-CB72-4DC8-A6FE-F83A7A62B402} = {3D53FB17-D24A-4BF1-BD6A-881436F5E2EC}
		{6B58C7C6-DEDE-4BDA-B5EC-E3BFEE0388A4} = {3D53FB17-D24A-4BF1-BD6A-881436F5E2EC}
		{10154B04-2F5D-4F12-9EDA-BB913E5D183C} = {5CF6F51E-CB72-4DC8-A6FE-F83A7A62B402}
		{C494B27D-26C4-4F6F-98F8-7E6547E2747F} = {6DB4C1B5-2072-4C1D-AB81-4A441A898458}
		{AF0D4CDD-0EAA-4F0C-8B25-D60B71F5E96D} = {6DB4C1B5-2072-4C1D-AB81-4A441A898458}
	EndGlobalSection
	GlobalSection(ExtensibilityGlobals) = postSolution
		SolutionGuid = {C4CDDBA3-F4C9-4C82-80EF-B1B848A74158}
	EndGlobalSection
EndGlobal
