
Microsoft Visual Studio Solution File, Format Version 12.00
# Visual Studio 15
VisualStudioVersion = 15.0.27130.2027
MinimumVisualStudioVersion = 10.0.40219.1
Project("{9A19103F-16F7-4668-BE54-9A1E7A4F7556}") = "Rabbit.Go.Abstractions", "src\Rabbit.Go.Abstractions\Rabbit.Go.Abstractions.csproj", "{C759B0F9-BFBD-4109-8BCF-1A6AC1355372}"
EndProject
Project("{9A19103F-16F7-4668-BE54-9A1E7A4F7556}") = "Rabbit.Go.Core", "src\Rabbit.Go.Core\Rabbit.Go.Core.csproj", "{2E979959-95BE-46E9-BE44-929285A61BFE}"
EndProject
Project("{2150E333-8FDC-42A3-9474-1A3956D46DE8}") = "Solution Items", "Solution Items", "{3472D49C-11DB-4201-8A91-315C97D0A5DC}"
	ProjectSection(SolutionItems) = preProject
		build\common.props = build\common.props
		build\nuget.exe = build\nuget.exe
		build\package.ps1 = build\package.ps1
		build\package_build.ps1 = build\package_build.ps1
		build\push_packages.ps1 = build\push_packages.ps1
		build\settings.ps1 = build\settings.ps1
		build\version.props = build\version.props
	EndProjectSection
EndProject
Project("{2150E333-8FDC-42A3-9474-1A3956D46DE8}") = "src", "src", "{6DB4C1B5-2072-4C1D-AB81-4A441A898458}"
EndProject
Project("{2150E333-8FDC-42A3-9474-1A3956D46DE8}") = "recipes", "recipes", "{FB6FF47A-7D3C-4F60-B58A-EA01F5D9BAF1}"
EndProject
Project("{9A19103F-16F7-4668-BE54-9A1E7A4F7556}") = "Rabbit.Go.DingTalk", "recipes\DingTalk\Rabbit.Go.DingTalk.csproj", "{9B853747-0E23-4454-9CB6-62081052B6ED}"
EndProject
Project("{2150E333-8FDC-42A3-9474-1A3956D46DE8}") = "test", "test", "{4E44FC07-86EA-42DC-BA31-9270E31F46E7}"
EndProject
Project("{9A19103F-16F7-4668-BE54-9A1E7A4F7556}") = "Rabbit.Go.DingTalk.Test", "recipes\test\Rabbit.Go.DingTalk.Test\Rabbit.Go.DingTalk.Test.csproj", "{0345B372-F426-4E5C-88BB-DF15C14D031A}"
EndProject
Project("{FAE04EC0-301F-11D3-BF4B-00C04F79EFBC}") = "Rabbit.Go.GitHub", "recipes\GitHub\Rabbit.Go.GitHub.csproj", "{FE60DA5A-8373-47A7-953D-134FBBC398D1}"
EndProject
Global
	GlobalSection(SolutionConfigurationPlatforms) = preSolution
		Debug|Any CPU = Debug|Any CPU
		Release|Any CPU = Release|Any CPU
	EndGlobalSection
	GlobalSection(ProjectConfigurationPlatforms) = postSolution
		{C759B0F9-BFBD-4109-8BCF-1A6AC1355372}.Debug|Any CPU.ActiveCfg = Debug|Any CPU
		{C759B0F9-BFBD-4109-8BCF-1A6AC1355372}.Debug|Any CPU.Build.0 = Debug|Any CPU
		{C759B0F9-BFBD-4109-8BCF-1A6AC1355372}.Release|Any CPU.ActiveCfg = Release|Any CPU
		{C759B0F9-BFBD-4109-8BCF-1A6AC1355372}.Release|Any CPU.Build.0 = Release|Any CPU
		{2E979959-95BE-46E9-BE44-929285A61BFE}.Debug|Any CPU.ActiveCfg = Debug|Any CPU
		{2E979959-95BE-46E9-BE44-929285A61BFE}.Debug|Any CPU.Build.0 = Debug|Any CPU
		{2E979959-95BE-46E9-BE44-929285A61BFE}.Release|Any CPU.ActiveCfg = Release|Any CPU
		{2E979959-95BE-46E9-BE44-929285A61BFE}.Release|Any CPU.Build.0 = Release|Any CPU
		{9B853747-0E23-4454-9CB6-62081052B6ED}.Debug|Any CPU.ActiveCfg = Debug|Any CPU
		{9B853747-0E23-4454-9CB6-62081052B6ED}.Debug|Any CPU.Build.0 = Debug|Any CPU
		{9B853747-0E23-4454-9CB6-62081052B6ED}.Release|Any CPU.ActiveCfg = Release|Any CPU
		{9B853747-0E23-4454-9CB6-62081052B6ED}.Release|Any CPU.Build.0 = Release|Any CPU
		{0345B372-F426-4E5C-88BB-DF15C14D031A}.Debug|Any CPU.ActiveCfg = Debug|Any CPU
		{0345B372-F426-4E5C-88BB-DF15C14D031A}.Debug|Any CPU.Build.0 = Debug|Any CPU
		{0345B372-F426-4E5C-88BB-DF15C14D031A}.Release|Any CPU.ActiveCfg = Release|Any CPU
		{0345B372-F426-4E5C-88BB-DF15C14D031A}.Release|Any CPU.Build.0 = Release|Any CPU
		{FE60DA5A-8373-47A7-953D-134FBBC398D1}.Debug|Any CPU.ActiveCfg = Debug|Any CPU
		{FE60DA5A-8373-47A7-953D-134FBBC398D1}.Debug|Any CPU.Build.0 = Debug|Any CPU
		{FE60DA5A-8373-47A7-953D-134FBBC398D1}.Release|Any CPU.ActiveCfg = Release|Any CPU
		{FE60DA5A-8373-47A7-953D-134FBBC398D1}.Release|Any CPU.Build.0 = Release|Any CPU
	EndGlobalSection
	GlobalSection(SolutionProperties) = preSolution
		HideSolutionNode = FALSE
	EndGlobalSection
	GlobalSection(NestedProjects) = preSolution
		{C759B0F9-BFBD-4109-8BCF-1A6AC1355372} = {6DB4C1B5-2072-4C1D-AB81-4A441A898458}
		{2E979959-95BE-46E9-BE44-929285A61BFE} = {6DB4C1B5-2072-4C1D-AB81-4A441A898458}
		{9B853747-0E23-4454-9CB6-62081052B6ED} = {FB6FF47A-7D3C-4F60-B58A-EA01F5D9BAF1}
		{4E44FC07-86EA-42DC-BA31-9270E31F46E7} = {FB6FF47A-7D3C-4F60-B58A-EA01F5D9BAF1}
		{0345B372-F426-4E5C-88BB-DF15C14D031A} = {4E44FC07-86EA-42DC-BA31-9270E31F46E7}
		{FE60DA5A-8373-47A7-953D-134FBBC398D1} = {FB6FF47A-7D3C-4F60-B58A-EA01F5D9BAF1}
	EndGlobalSection
	GlobalSection(ExtensibilityGlobals) = postSolution
		SolutionGuid = {C4CDDBA3-F4C9-4C82-80EF-B1B848A74158}
	EndGlobalSection
EndGlobal
